
Microsoft Visual Studio Solution File, Format Version 12.00
# Visual Studio Version 16
VisualStudioVersion = 16.0.29102.190
MinimumVisualStudioVersion = 10.0.40219.1
Project("{FAE04EC0-301F-11D3-BF4B-00C04F79EFBC}") = "WebApplication3", "WebApplication3.csproj", "{662127A5-D442-4AF4-A0A5-3A7EAE8F38A0}"
EndProject
Global
	GlobalSection(SolutionConfigurationPlatforms) = preSolution
		Debug|Any CPU = Debug|Any CPU
		Release|Any CPU = Release|Any CPU
	EndGlobalSection
	GlobalSection(ProjectConfigurationPlatforms) = postSolution
		{662127A5-D442-4AF4-A0A5-3A7EAE8F38A0}.Debug|Any CPU.ActiveCfg = Debug|Any CPU
		{662127A5-D442-4AF4-A0A5-3A7EAE8F38A0}.Debug|Any CPU.Build.0 = Debug|Any CPU
		{662127A5-D442-4AF4-A0A5-3A7EAE8F38A0}.Release|Any CPU.ActiveCfg = Release|Any CPU
		{662127A5-D442-4AF4-A0A5-3A7EAE8F38A0}.Release|Any CPU.Build.0 = Release|Any CPU
	EndGlobalSection
	GlobalSection(SolutionProperties) = preSolution
		HideSolutionNode = FALSE
	EndGlobalSection
	GlobalSection(ExtensibilityGlobals) = postSolution
		SolutionGuid = {850906E8-BF3C-4EC2-A24B-DDA5E6BB37EC}
	EndGlobalSection
EndGlobal
